// !$*UTF8*$!
{
	archiveVersion = 1;
	classes = {
	};
	objectVersion = 56;
	objects = {

/* Begin PBXBuildFile section */
		40706AE96273474B4C72CA92 /* Pods_Instagram.framework in Frameworks */ = {isa = PBXBuildFile; fileRef = 92A57CB5864A74082299628C /* Pods_Instagram.framework */; };
		6412231A29B36DF8009032FB /* StoriesCollectionViewCell.swift in Sources */ = {isa = PBXBuildFile; fileRef = 6412231929B36DF8009032FB /* StoriesCollectionViewCell.swift */; };
		6412231D29B37091009032FB /* MainViewController.swift in Sources */ = {isa = PBXBuildFile; fileRef = 6412231C29B37091009032FB /* MainViewController.swift */; };
		6412232029B3721E009032FB /* SearchViewController.swift in Sources */ = {isa = PBXBuildFile; fileRef = 6412231F29B3721E009032FB /* SearchViewController.swift */; };
		6412232229B37231009032FB /* ReelsViewController.swift in Sources */ = {isa = PBXBuildFile; fileRef = 6412232129B37231009032FB /* ReelsViewController.swift */; };
		6412232429B3723A009032FB /* ShopViewController.swift in Sources */ = {isa = PBXBuildFile; fileRef = 6412232329B3723A009032FB /* ShopViewController.swift */; };
		6412232629B37245009032FB /* ProfileViewController.swift in Sources */ = {isa = PBXBuildFile; fileRef = 6412232529B37245009032FB /* ProfileViewController.swift */; };
		6412232829B382CD009032FB /* PostTableViewCell.swift in Sources */ = {isa = PBXBuildFile; fileRef = 6412232729B382CD009032FB /* PostTableViewCell.swift */; };
		6412232D29B39595009032FB /* PostItemInfo.swift in Sources */ = {isa = PBXBuildFile; fileRef = 6412232C29B39595009032FB /* PostItemInfo.swift */; };
		6412233029B395A0009032FB /* StoriesCellInfo.swift in Sources */ = {isa = PBXBuildFile; fileRef = 6412232E29B395A0009032FB /* StoriesCellInfo.swift */; };
		6412233329B395CD009032FB /* ItemType.swift in Sources */ = {isa = PBXBuildFile; fileRef = 6412233229B395CD009032FB /* ItemType.swift */; };
		6412233529B396BB009032FB /* LogoView.swift in Sources */ = {isa = PBXBuildFile; fileRef = 6412233429B396BB009032FB /* LogoView.swift */; };
		6412233729B39713009032FB /* StoriesSetCell.swift in Sources */ = {isa = PBXBuildFile; fileRef = 6412233629B39713009032FB /* StoriesSetCell.swift */; };
		64BBACB229AE379700DF2A56 /* AppDelegate.swift in Sources */ = {isa = PBXBuildFile; fileRef = 64BBACB129AE379700DF2A56 /* AppDelegate.swift */; };
		64BBACB429AE379700DF2A56 /* SceneDelegate.swift in Sources */ = {isa = PBXBuildFile; fileRef = 64BBACB329AE379700DF2A56 /* SceneDelegate.swift */; };
		64BBACB629AE379700DF2A56 /* HomePageViewController.swift in Sources */ = {isa = PBXBuildFile; fileRef = 64BBACB529AE379700DF2A56 /* HomePageViewController.swift */; };
		64BBACBB29AE379700DF2A56 /* Assets.xcassets in Resources */ = {isa = PBXBuildFile; fileRef = 64BBACBA29AE379700DF2A56 /* Assets.xcassets */; };
		64BBACBE29AE379700DF2A56 /* LaunchScreen.storyboard in Resources */ = {isa = PBXBuildFile; fileRef = 64BBACBC29AE379700DF2A56 /* LaunchScreen.storyboard */; };
/* End PBXBuildFile section */

/* Begin PBXFileReference section */
		50DA51B71D4B218A663B0A2E /* Pods-Instagram.release.xcconfig */ = {isa = PBXFileReference; includeInIndex = 1; lastKnownFileType = text.xcconfig; name = "Pods-Instagram.release.xcconfig"; path = "Target Support Files/Pods-Instagram/Pods-Instagram.release.xcconfig"; sourceTree = "<group>"; };
		6412231929B36DF8009032FB /* StoriesCollectionViewCell.swift */ = {isa = PBXFileReference; lastKnownFileType = sourcecode.swift; path = StoriesCollectionViewCell.swift; sourceTree = "<group>"; };
		6412231C29B37091009032FB /* MainViewController.swift */ = {isa = PBXFileReference; lastKnownFileType = sourcecode.swift; path = MainViewController.swift; sourceTree = "<group>"; };
		6412231F29B3721E009032FB /* SearchViewController.swift */ = {isa = PBXFileReference; lastKnownFileType = sourcecode.swift; path = SearchViewController.swift; sourceTree = "<group>"; };
		6412232129B37231009032FB /* ReelsViewController.swift */ = {isa = PBXFileReference; lastKnownFileType = sourcecode.swift; path = ReelsViewController.swift; sourceTree = "<group>"; };
		6412232329B3723A009032FB /* ShopViewController.swift */ = {isa = PBXFileReference; lastKnownFileType = sourcecode.swift; path = ShopViewController.swift; sourceTree = "<group>"; };
		6412232529B37245009032FB /* ProfileViewController.swift */ = {isa = PBXFileReference; lastKnownFileType = sourcecode.swift; path = ProfileViewController.swift; sourceTree = "<group>"; };
		6412232729B382CD009032FB /* PostTableViewCell.swift */ = {isa = PBXFileReference; lastKnownFileType = sourcecode.swift; path = PostTableViewCell.swift; sourceTree = "<group>"; };
		6412232C29B39595009032FB /* PostItemInfo.swift */ = {isa = PBXFileReference; fileEncoding = 4; lastKnownFileType = sourcecode.swift; path = PostItemInfo.swift; sourceTree = "<group>"; };
		6412232E29B395A0009032FB /* StoriesCellInfo.swift */ = {isa = PBXFileReference; fileEncoding = 4; lastKnownFileType = sourcecode.swift; path = StoriesCellInfo.swift; sourceTree = "<group>"; };
		6412233229B395CD009032FB /* ItemType.swift */ = {isa = PBXFileReference; fileEncoding = 4; lastKnownFileType = sourcecode.swift; path = ItemType.swift; sourceTree = "<group>"; };
		6412233429B396BB009032FB /* LogoView.swift */ = {isa = PBXFileReference; fileEncoding = 4; lastKnownFileType = sourcecode.swift; path = LogoView.swift; sourceTree = "<group>"; };
		6412233629B39713009032FB /* StoriesSetCell.swift */ = {isa = PBXFileReference; fileEncoding = 4; lastKnownFileType = sourcecode.swift; path = StoriesSetCell.swift; sourceTree = "<group>"; };
		64BBACAE29AE379700DF2A56 /* Instagram.app */ = {isa = PBXFileReference; explicitFileType = wrapper.application; includeInIndex = 0; path = Instagram.app; sourceTree = BUILT_PRODUCTS_DIR; };
		64BBACB129AE379700DF2A56 /* AppDelegate.swift */ = {isa = PBXFileReference; lastKnownFileType = sourcecode.swift; path = AppDelegate.swift; sourceTree = "<group>"; };
		64BBACB329AE379700DF2A56 /* SceneDelegate.swift */ = {isa = PBXFileReference; lastKnownFileType = sourcecode.swift; path = SceneDelegate.swift; sourceTree = "<group>"; };
		64BBACB529AE379700DF2A56 /* HomePageViewController.swift */ = {isa = PBXFileReference; lastKnownFileType = sourcecode.swift; path = HomePageViewController.swift; sourceTree = "<group>"; };
		64BBACBA29AE379700DF2A56 /* Assets.xcassets */ = {isa = PBXFileReference; lastKnownFileType = folder.assetcatalog; path = Assets.xcassets; sourceTree = "<group>"; };
		64BBACBD29AE379700DF2A56 /* Base */ = {isa = PBXFileReference; lastKnownFileType = file.storyboard; name = Base; path = Base.lproj/LaunchScreen.storyboard; sourceTree = "<group>"; };
		64BBACBF29AE379700DF2A56 /* Info.plist */ = {isa = PBXFileReference; lastKnownFileType = text.plist.xml; path = Info.plist; sourceTree = "<group>"; };
		92A57CB5864A74082299628C /* Pods_Instagram.framework */ = {isa = PBXFileReference; explicitFileType = wrapper.framework; includeInIndex = 0; path = Pods_Instagram.framework; sourceTree = BUILT_PRODUCTS_DIR; };
		B0C6D2B7D6B9DA7526207571 /* Pods-Instagram.debug.xcconfig */ = {isa = PBXFileReference; includeInIndex = 1; lastKnownFileType = text.xcconfig; name = "Pods-Instagram.debug.xcconfig"; path = "Target Support Files/Pods-Instagram/Pods-Instagram.debug.xcconfig"; sourceTree = "<group>"; };
/* End PBXFileReference section */

/* Begin PBXFrameworksBuildPhase section */
		64BBACAB29AE379700DF2A56 /* Frameworks */ = {
			isa = PBXFrameworksBuildPhase;
			buildActionMask = 2147483647;
			files = (
				40706AE96273474B4C72CA92 /* Pods_Instagram.framework in Frameworks */,
			);
			runOnlyForDeploymentPostprocessing = 0;
		};
/* End PBXFrameworksBuildPhase section */

/* Begin PBXGroup section */
		3C6D345E89A29DCDAF4EA713 /* Frameworks */ = {
			isa = PBXGroup;
			children = (
				92A57CB5864A74082299628C /* Pods_Instagram.framework */,
			);
			name = Frameworks;
			sourceTree = "<group>";
		};
		5E1E06DF4D1A2ABA821FD99C /* Pods */ = {
			isa = PBXGroup;
			children = (
				B0C6D2B7D6B9DA7526207571 /* Pods-Instagram.debug.xcconfig */,
				50DA51B71D4B218A663B0A2E /* Pods-Instagram.release.xcconfig */,
			);
			path = Pods;
			sourceTree = "<group>";
		};
		6412231B29B36ECA009032FB /* HomepageControllerViews */ = {
			isa = PBXGroup;
			children = (
				6412231929B36DF8009032FB /* StoriesCollectionViewCell.swift */,
				6412232729B382CD009032FB /* PostTableViewCell.swift */,
				6412233629B39713009032FB /* StoriesSetCell.swift */,
				6412233429B396BB009032FB /* LogoView.swift */,
			);
			path = HomepageControllerViews;
			sourceTree = "<group>";
		};
		6412231E29B3710B009032FB /* ViewControllers */ = {
			isa = PBXGroup;
			children = (
				64BBACB529AE379700DF2A56 /* HomePageViewController.swift */,
				6412231F29B3721E009032FB /* SearchViewController.swift */,
				6412232129B37231009032FB /* ReelsViewController.swift */,
				6412232329B3723A009032FB /* ShopViewController.swift */,
				6412232529B37245009032FB /* ProfileViewController.swift */,
			);
			path = ViewControllers;
			sourceTree = "<group>";
		};
		6412232B29B39552009032FB /* Structures */ = {
			isa = PBXGroup;
			children = (
				6412233229B395CD009032FB /* ItemType.swift */,
				6412232C29B39595009032FB /* PostItemInfo.swift */,
				6412232E29B395A0009032FB /* StoriesCellInfo.swift */,
			);
			path = Structures;
			sourceTree = "<group>";
		};
		64BBACA529AE379700DF2A56 = {
			isa = PBXGroup;
			children = (
				64BBACB029AE379700DF2A56 /* Instagram */,
				64BBACAF29AE379700DF2A56 /* Products */,
				5E1E06DF4D1A2ABA821FD99C /* Pods */,
				3C6D345E89A29DCDAF4EA713 /* Frameworks */,
			);
			sourceTree = "<group>";
		};
		64BBACAF29AE379700DF2A56 /* Products */ = {
			isa = PBXGroup;
			children = (
				64BBACAE29AE379700DF2A56 /* Instagram.app */,
			);
			name = Products;
			sourceTree = "<group>";
		};
		64BBACB029AE379700DF2A56 /* Instagram */ = {
			isa = PBXGroup;
			children = (
				6412232B29B39552009032FB /* Structures */,
				6412231B29B36ECA009032FB /* HomepageControllerViews */,
				6412231E29B3710B009032FB /* ViewControllers */,
				64BBACB129AE379700DF2A56 /* AppDelegate.swift */,
				64BBACBA29AE379700DF2A56 /* Assets.xcassets */,
				64BBACB329AE379700DF2A56 /* SceneDelegate.swift */,
				6412231C29B37091009032FB /* MainViewController.swift */,
				64BBACBC29AE379700DF2A56 /* LaunchScreen.storyboard */,
				64BBACBF29AE379700DF2A56 /* Info.plist */,
			);
			path = Instagram;
			sourceTree = "<group>";
		};
/* End PBXGroup section */

/* Begin PBXNativeTarget section */
		64BBACAD29AE379700DF2A56 /* Instagram */ = {
			isa = PBXNativeTarget;
			buildConfigurationList = 64BBACC229AE379700DF2A56 /* Build configuration list for PBXNativeTarget "Instagram" */;
			buildPhases = (
				01121C254D47FEA9984AE670 /* [CP] Check Pods Manifest.lock */,
				64BBACAA29AE379700DF2A56 /* Sources */,
				64BBACAB29AE379700DF2A56 /* Frameworks */,
				64BBACAC29AE379700DF2A56 /* Resources */,
				B0BD05DAAE6CD03359288010 /* [CP] Embed Pods Frameworks */,
			);
			buildRules = (
			);
			dependencies = (
			);
			name = Instagram;
			productName = Instagram;
			productReference = 64BBACAE29AE379700DF2A56 /* Instagram.app */;
			productType = "com.apple.product-type.application";
		};
/* End PBXNativeTarget section */

/* Begin PBXProject section */
		64BBACA629AE379700DF2A56 /* Project object */ = {
			isa = PBXProject;
			attributes = {
				BuildIndependentTargetsInParallel = 1;
				LastSwiftUpdateCheck = 1420;
				LastUpgradeCheck = 1420;
				TargetAttributes = {
					64BBACAD29AE379700DF2A56 = {
						CreatedOnToolsVersion = 14.2;
					};
				};
			};
			buildConfigurationList = 64BBACA929AE379700DF2A56 /* Build configuration list for PBXProject "Instagram" */;
			compatibilityVersion = "Xcode 14.0";
			developmentRegion = en;
			hasScannedForEncodings = 0;
			knownRegions = (
				en,
				Base,
			);
			mainGroup = 64BBACA529AE379700DF2A56;
			productRefGroup = 64BBACAF29AE379700DF2A56 /* Products */;
			projectDirPath = "";
			projectRoot = "";
			targets = (
				64BBACAD29AE379700DF2A56 /* Instagram */,
			);
		};
/* End PBXProject section */

/* Begin PBXResourcesBuildPhase section */
		64BBACAC29AE379700DF2A56 /* Resources */ = {
			isa = PBXResourcesBuildPhase;
			buildActionMask = 2147483647;
			files = (
				64BBACBE29AE379700DF2A56 /* LaunchScreen.storyboard in Resources */,
				64BBACBB29AE379700DF2A56 /* Assets.xcassets in Resources */,
			);
			runOnlyForDeploymentPostprocessing = 0;
		};
/* End PBXResourcesBuildPhase section */

/* Begin PBXShellScriptBuildPhase section */
		01121C254D47FEA9984AE670 /* [CP] Check Pods Manifest.lock */ = {
			isa = PBXShellScriptBuildPhase;
			buildActionMask = 2147483647;
			files = (
			);
			inputFileListPaths = (
			);
			inputPaths = (
				"${PODS_PODFILE_DIR_PATH}/Podfile.lock",
				"${PODS_ROOT}/Manifest.lock",
			);
			name = "[CP] Check Pods Manifest.lock";
			outputFileListPaths = (
			);
			outputPaths = (
				"$(DERIVED_FILE_DIR)/Pods-Instagram-checkManifestLockResult.txt",
			);
			runOnlyForDeploymentPostprocessing = 0;
			shellPath = /bin/sh;
			shellScript = "diff \"${PODS_PODFILE_DIR_PATH}/Podfile.lock\" \"${PODS_ROOT}/Manifest.lock\" > /dev/null\nif [ $? != 0 ] ; then\n    # print error to STDERR\n    echo \"error: The sandbox is not in sync with the Podfile.lock. Run 'pod install' or update your CocoaPods installation.\" >&2\n    exit 1\nfi\n# This output is used by Xcode 'outputs' to avoid re-running this script phase.\necho \"SUCCESS\" > \"${SCRIPT_OUTPUT_FILE_0}\"\n";
			showEnvVarsInLog = 0;
		};
		B0BD05DAAE6CD03359288010 /* [CP] Embed Pods Frameworks */ = {
			isa = PBXShellScriptBuildPhase;
			buildActionMask = 2147483647;
			files = (
			);
			inputFileListPaths = (
				"${PODS_ROOT}/Target Support Files/Pods-Instagram/Pods-Instagram-frameworks-${CONFIGURATION}-input-files.xcfilelist",
			);
			name = "[CP] Embed Pods Frameworks";
			outputFileListPaths = (
				"${PODS_ROOT}/Target Support Files/Pods-Instagram/Pods-Instagram-frameworks-${CONFIGURATION}-output-files.xcfilelist",
			);
			runOnlyForDeploymentPostprocessing = 0;
			shellPath = /bin/sh;
			shellScript = "\"${PODS_ROOT}/Target Support Files/Pods-Instagram/Pods-Instagram-frameworks.sh\"\n";
			showEnvVarsInLog = 0;
		};
/* End PBXShellScriptBuildPhase section */

/* Begin PBXSourcesBuildPhase section */
		64BBACAA29AE379700DF2A56 /* Sources */ = {
			isa = PBXSourcesBuildPhase;
			buildActionMask = 2147483647;
			files = (
				6412232029B3721E009032FB /* SearchViewController.swift in Sources */,
				64BBACB629AE379700DF2A56 /* HomePageViewController.swift in Sources */,
				64BBACB229AE379700DF2A56 /* AppDelegate.swift in Sources */,
				6412233329B395CD009032FB /* ItemType.swift in Sources */,
				6412231A29B36DF8009032FB /* StoriesCollectionViewCell.swift in Sources */,
				6412232429B3723A009032FB /* ShopViewController.swift in Sources */,
				6412233729B39713009032FB /* StoriesSetCell.swift in Sources */,
				6412232229B37231009032FB /* ReelsViewController.swift in Sources */,
				6412232629B37245009032FB /* ProfileViewController.swift in Sources */,
				6412232829B382CD009032FB /* PostTableViewCell.swift in Sources */,
				64BBACB429AE379700DF2A56 /* SceneDelegate.swift in Sources */,
				6412232D29B39595009032FB /* PostItemInfo.swift in Sources */,
				6412233529B396BB009032FB /* LogoView.swift in Sources */,
				6412233029B395A0009032FB /* StoriesCellInfo.swift in Sources */,
				6412231D29B37091009032FB /* MainViewController.swift in Sources */,
			);
			runOnlyForDeploymentPostprocessing = 0;
		};
/* End PBXSourcesBuildPhase section */

/* Begin PBXVariantGroup section */
		64BBACBC29AE379700DF2A56 /* LaunchScreen.storyboard */ = {
			isa = PBXVariantGroup;
			children = (
				64BBACBD29AE379700DF2A56 /* Base */,
			);
			name = LaunchScreen.storyboard;
			sourceTree = "<group>";
		};
/* End PBXVariantGroup section */

/* Begin XCBuildConfiguration section */
		64BBACC029AE379700DF2A56 /* Debug */ = {
			isa = XCBuildConfiguration;
			buildSettings = {
				ALWAYS_SEARCH_USER_PATHS = NO;
				CLANG_ANALYZER_NONNULL = YES;
				CLANG_ANALYZER_NUMBER_OBJECT_CONVERSION = YES_AGGRESSIVE;
				CLANG_CXX_LANGUAGE_STANDARD = "gnu++20";
				CLANG_ENABLE_MODULES = YES;
				CLANG_ENABLE_OBJC_ARC = YES;
				CLANG_ENABLE_OBJC_WEAK = YES;
				CLANG_WARN_BLOCK_CAPTURE_AUTORELEASING = YES;
				CLANG_WARN_BOOL_CONVERSION = YES;
				CLANG_WARN_COMMA = YES;
				CLANG_WARN_CONSTANT_CONVERSION = YES;
				CLANG_WARN_DEPRECATED_OBJC_IMPLEMENTATIONS = YES;
				CLANG_WARN_DIRECT_OBJC_ISA_USAGE = YES_ERROR;
				CLANG_WARN_DOCUMENTATION_COMMENTS = YES;
				CLANG_WARN_EMPTY_BODY = YES;
				CLANG_WARN_ENUM_CONVERSION = YES;
				CLANG_WARN_INFINITE_RECURSION = YES;
				CLANG_WARN_INT_CONVERSION = YES;
				CLANG_WARN_NON_LITERAL_NULL_CONVERSION = YES;
				CLANG_WARN_OBJC_IMPLICIT_RETAIN_SELF = YES;
				CLANG_WARN_OBJC_LITERAL_CONVERSION = YES;
				CLANG_WARN_OBJC_ROOT_CLASS = YES_ERROR;
				CLANG_WARN_QUOTED_INCLUDE_IN_FRAMEWORK_HEADER = YES;
				CLANG_WARN_RANGE_LOOP_ANALYSIS = YES;
				CLANG_WARN_STRICT_PROTOTYPES = YES;
				CLANG_WARN_SUSPICIOUS_MOVE = YES;
				CLANG_WARN_UNGUARDED_AVAILABILITY = YES_AGGRESSIVE;
				CLANG_WARN_UNREACHABLE_CODE = YES;
				CLANG_WARN__DUPLICATE_METHOD_MATCH = YES;
				COPY_PHASE_STRIP = NO;
				DEBUG_INFORMATION_FORMAT = dwarf;
				ENABLE_STRICT_OBJC_MSGSEND = YES;
				ENABLE_TESTABILITY = YES;
				GCC_C_LANGUAGE_STANDARD = gnu11;
				GCC_DYNAMIC_NO_PIC = NO;
				GCC_NO_COMMON_BLOCKS = YES;
				GCC_OPTIMIZATION_LEVEL = 0;
				GCC_PREPROCESSOR_DEFINITIONS = (
					"DEBUG=1",
					"$(inherited)",
				);
				GCC_WARN_64_TO_32_BIT_CONVERSION = YES;
				GCC_WARN_ABOUT_RETURN_TYPE = YES_ERROR;
				GCC_WARN_UNDECLARED_SELECTOR = YES;
				GCC_WARN_UNINITIALIZED_AUTOS = YES_AGGRESSIVE;
				GCC_WARN_UNUSED_FUNCTION = YES;
				GCC_WARN_UNUSED_VARIABLE = YES;
				IPHONEOS_DEPLOYMENT_TARGET = 16.2;
				MTL_ENABLE_DEBUG_INFO = INCLUDE_SOURCE;
				MTL_FAST_MATH = YES;
				ONLY_ACTIVE_ARCH = YES;
				SDKROOT = iphoneos;
				SWIFT_ACTIVE_COMPILATION_CONDITIONS = DEBUG;
				SWIFT_OPTIMIZATION_LEVEL = "-Onone";
			};
			name = Debug;
		};
		64BBACC129AE379700DF2A56 /* Release */ = {
			isa = XCBuildConfiguration;
			buildSettings = {
				ALWAYS_SEARCH_USER_PATHS = NO;
				CLANG_ANALYZER_NONNULL = YES;
				CLANG_ANALYZER_NUMBER_OBJECT_CONVERSION = YES_AGGRESSIVE;
				CLANG_CXX_LANGUAGE_STANDARD = "gnu++20";
				CLANG_ENABLE_MODULES = YES;
				CLANG_ENABLE_OBJC_ARC = YES;
				CLANG_ENABLE_OBJC_WEAK = YES;
				CLANG_WARN_BLOCK_CAPTURE_AUTORELEASING = YES;
				CLANG_WARN_BOOL_CONVERSION = YES;
				CLANG_WARN_COMMA = YES;
				CLANG_WARN_CONSTANT_CONVERSION = YES;
				CLANG_WARN_DEPRECATED_OBJC_IMPLEMENTATIONS = YES;
				CLANG_WARN_DIRECT_OBJC_ISA_USAGE = YES_ERROR;
				CLANG_WARN_DOCUMENTATION_COMMENTS = YES;
				CLANG_WARN_EMPTY_BODY = YES;
				CLANG_WARN_ENUM_CONVERSION = YES;
				CLANG_WARN_INFINITE_RECURSION = YES;
				CLANG_WARN_INT_CONVERSION = YES;
				CLANG_WARN_NON_LITERAL_NULL_CONVERSION = YES;
				CLANG_WARN_OBJC_IMPLICIT_RETAIN_SELF = YES;
				CLANG_WARN_OBJC_LITERAL_CONVERSION = YES;
				CLANG_WARN_OBJC_ROOT_CLASS = YES_ERROR;
				CLANG_WARN_QUOTED_INCLUDE_IN_FRAMEWORK_HEADER = YES;
				CLANG_WARN_RANGE_LOOP_ANALYSIS = YES;
				CLANG_WARN_STRICT_PROTOTYPES = YES;
				CLANG_WARN_SUSPICIOUS_MOVE = YES;
				CLANG_WARN_UNGUARDED_AVAILABILITY = YES_AGGRESSIVE;
				CLANG_WARN_UNREACHABLE_CODE = YES;
				CLANG_WARN__DUPLICATE_METHOD_MATCH = YES;
				COPY_PHASE_STRIP = NO;
				DEBUG_INFORMATION_FORMAT = "dwarf-with-dsym";
				ENABLE_NS_ASSERTIONS = NO;
				ENABLE_STRICT_OBJC_MSGSEND = YES;
				GCC_C_LANGUAGE_STANDARD = gnu11;
				GCC_NO_COMMON_BLOCKS = YES;
				GCC_WARN_64_TO_32_BIT_CONVERSION = YES;
				GCC_WARN_ABOUT_RETURN_TYPE = YES_ERROR;
				GCC_WARN_UNDECLARED_SELECTOR = YES;
				GCC_WARN_UNINITIALIZED_AUTOS = YES_AGGRESSIVE;
				GCC_WARN_UNUSED_FUNCTION = YES;
				GCC_WARN_UNUSED_VARIABLE = YES;
				IPHONEOS_DEPLOYMENT_TARGET = 16.2;
				MTL_ENABLE_DEBUG_INFO = NO;
				MTL_FAST_MATH = YES;
				SDKROOT = iphoneos;
				SWIFT_COMPILATION_MODE = wholemodule;
				SWIFT_OPTIMIZATION_LEVEL = "-O";
				VALIDATE_PRODUCT = YES;
			};
			name = Release;
		};
		64BBACC329AE379700DF2A56 /* Debug */ = {
			isa = XCBuildConfiguration;
			baseConfigurationReference = B0C6D2B7D6B9DA7526207571 /* Pods-Instagram.debug.xcconfig */;
			buildSettings = {
				ASSETCATALOG_COMPILER_APPICON_NAME = AppIcon;
				ASSETCATALOG_COMPILER_GLOBAL_ACCENT_COLOR_NAME = AccentColor;
				CODE_SIGN_STYLE = Automatic;
				CURRENT_PROJECT_VERSION = 1;
				GENERATE_INFOPLIST_FILE = YES;
				INFOPLIST_FILE = Instagram/Info.plist;
				INFOPLIST_KEY_UIApplicationSupportsIndirectInputEvents = YES;
				INFOPLIST_KEY_UILaunchStoryboardName = LaunchScreen;
				INFOPLIST_KEY_UISupportedInterfaceOrientations_iPad = "UIInterfaceOrientationPortrait UIInterfaceOrientationPortraitUpsideDown UIInterfaceOrientationLandscapeLeft UIInterfaceOrientationLandscapeRight";
				INFOPLIST_KEY_UISupportedInterfaceOrientations_iPhone = "UIInterfaceOrientationPortrait UIInterfaceOrientationLandscapeLeft UIInterfaceOrientationLandscapeRight";
				LD_RUNPATH_SEARCH_PATHS = (
					"$(inherited)",
					"@executable_path/Frameworks",
				);
				MARKETING_VERSION = 1.0;
				PRODUCT_BUNDLE_IDENTIFIER = kz.edu.astanait.Instagram;
				PRODUCT_NAME = "$(TARGET_NAME)";
				SWIFT_EMIT_LOC_STRINGS = YES;
				SWIFT_VERSION = 5.0;
				TARGETED_DEVICE_FAMILY = "1,2";
			};
			name = Debug;
		};
		64BBACC429AE379700DF2A56 /* Release */ = {
			isa = XCBuildConfiguration;
			baseConfigurationReference = 50DA51B71D4B218A663B0A2E /* Pods-Instagram.release.xcconfig */;
			buildSettings = {
				ASSETCATALOG_COMPILER_APPICON_NAME = AppIcon;
				ASSETCATALOG_COMPILER_GLOBAL_ACCENT_COLOR_NAME = AccentColor;
				CODE_SIGN_STYLE = Automatic;
				CURRENT_PROJECT_VERSION = 1;
				GENERATE_INFOPLIST_FILE = YES;
				INFOPLIST_FILE = Instagram/Info.plist;
				INFOPLIST_KEY_UIApplicationSupportsIndirectInputEvents = YES;
				INFOPLIST_KEY_UILaunchStoryboardName = LaunchScreen;
				INFOPLIST_KEY_UISupportedInterfaceOrientations_iPad = "UIInterfaceOrientationPortrait UIInterfaceOrientationPortraitUpsideDown UIInterfaceOrientationLandscapeLeft UIInterfaceOrientationLandscapeRight";
				INFOPLIST_KEY_UISupportedInterfaceOrientations_iPhone = "UIInterfaceOrientationPortrait UIInterfaceOrientationLandscapeLeft UIInterfaceOrientationLandscapeRight";
				LD_RUNPATH_SEARCH_PATHS = (
					"$(inherited)",
					"@executable_path/Frameworks",
				);
				MARKETING_VERSION = 1.0;
				PRODUCT_BUNDLE_IDENTIFIER = kz.edu.astanait.Instagram;
				PRODUCT_NAME = "$(TARGET_NAME)";
				SWIFT_EMIT_LOC_STRINGS = YES;
				SWIFT_VERSION = 5.0;
				TARGETED_DEVICE_FAMILY = "1,2";
			};
			name = Release;
		};
/* End XCBuildConfiguration section */

/* Begin XCConfigurationList section */
		64BBACA929AE379700DF2A56 /* Build configuration list for PBXProject "Instagram" */ = {
			isa = XCConfigurationList;
			buildConfigurations = (
				64BBACC029AE379700DF2A56 /* Debug */,
				64BBACC129AE379700DF2A56 /* Release */,
			);
			defaultConfigurationIsVisible = 0;
			defaultConfigurationName = Release;
		};
		64BBACC229AE379700DF2A56 /* Build configuration list for PBXNativeTarget "Instagram" */ = {
			isa = XCConfigurationList;
			buildConfigurations = (
				64BBACC329AE379700DF2A56 /* Debug */,
				64BBACC429AE379700DF2A56 /* Release */,
			);
			defaultConfigurationIsVisible = 0;
			defaultConfigurationName = Release;
		};
/* End XCConfigurationList section */
	};
	rootObject = 64BBACA629AE379700DF2A56 /* Project object */;
}
